// !$*UTF8*$!
{
	archiveVersion = 1;
	classes = {
	};
	objectVersion = 48;
	objects = {

/* Begin PBXBuildFile section */
		8CACBF6D1B8D5B3FDA65624F /* Pods_myApp.framework in Frameworks */ = {isa = PBXBuildFile; fileRef = 8BDEEDB548B875325CB85F42 /* Pods_myApp.framework */; };
		C69D0A371FBDCE1D0049E132 /* AppDelegate.swift in Sources */ = {isa = PBXBuildFile; fileRef = C69D0A361FBDCE1D0049E132 /* AppDelegate.swift */; };
		C69D0A391FBDCE1D0049E132 /* ViewController.swift in Sources */ = {isa = PBXBuildFile; fileRef = C69D0A381FBDCE1D0049E132 /* ViewController.swift */; };
		C69D0A3C1FBDCE1D0049E132 /* Main.storyboard in Resources */ = {isa = PBXBuildFile; fileRef = C69D0A3A1FBDCE1D0049E132 /* Main.storyboard */; };
		C69D0A3E1FBDCE1D0049E132 /* Assets.xcassets in Resources */ = {isa = PBXBuildFile; fileRef = C69D0A3D1FBDCE1D0049E132 /* Assets.xcassets */; };
		C69D0A411FBDCE1D0049E132 /* LaunchScreen.storyboard in Resources */ = {isa = PBXBuildFile; fileRef = C69D0A3F1FBDCE1D0049E132 /* LaunchScreen.storyboard */; };
/* End PBXBuildFile section */

/* Begin PBXFileReference section */
		2C56C39489394BDEBFCCA027 /* Pods-myApp.release.xcconfig */ = {isa = PBXFileReference; includeInIndex = 1; lastKnownFileType = text.xcconfig; name = "Pods-myApp.release.xcconfig"; path = "Pods/Target Support Files/Pods-myApp/Pods-myApp.release.xcconfig"; sourceTree = "<group>"; };
		5DC5CC1B7E91203A618A4FDF /* Pods-myApp.debug.xcconfig */ = {isa = PBXFileReference; includeInIndex = 1; lastKnownFileType = text.xcconfig; name = "Pods-myApp.debug.xcconfig"; path = "Pods/Target Support Files/Pods-myApp/Pods-myApp.debug.xcconfig"; sourceTree = "<group>"; };
		8BDEEDB548B875325CB85F42 /* Pods_myApp.framework */ = {isa = PBXFileReference; explicitFileType = wrapper.framework; includeInIndex = 0; path = Pods_myApp.framework; sourceTree = BUILT_PRODUCTS_DIR; };
		C69D0A331FBDCE1D0049E132 /* myApp.app */ = {isa = PBXFileReference; explicitFileType = wrapper.application; includeInIndex = 0; path = myApp.app; sourceTree = BUILT_PRODUCTS_DIR; };
		C69D0A361FBDCE1D0049E132 /* AppDelegate.swift */ = {isa = PBXFileReference; lastKnownFileType = sourcecode.swift; path = AppDelegate.swift; sourceTree = "<group>"; };
		C69D0A381FBDCE1D0049E132 /* ViewController.swift */ = {isa = PBXFileReference; lastKnownFileType = sourcecode.swift; path = ViewController.swift; sourceTree = "<group>"; };
		C69D0A3B1FBDCE1D0049E132 /* Base */ = {isa = PBXFileReference; lastKnownFileType = file.storyboard; name = Base; path = Base.lproj/Main.storyboard; sourceTree = "<group>"; };
		C69D0A3D1FBDCE1D0049E132 /* Assets.xcassets */ = {isa = PBXFileReference; lastKnownFileType = folder.assetcatalog; path = Assets.xcassets; sourceTree = "<group>"; };
		C69D0A401FBDCE1D0049E132 /* Base */ = {isa = PBXFileReference; lastKnownFileType = file.storyboard; name = Base; path = Base.lproj/LaunchScreen.storyboard; sourceTree = "<group>"; };
		C69D0A421FBDCE1D0049E132 /* Info.plist */ = {isa = PBXFileReference; lastKnownFileType = text.plist.xml; path = Info.plist; sourceTree = "<group>"; };
/* End PBXFileReference section */

/* Begin PBXFrameworksBuildPhase section */
		C69D0A301FBDCE1D0049E132 /* Frameworks */ = {
			isa = PBXFrameworksBuildPhase;
			buildActionMask = 2147483647;
			files = (
				8CACBF6D1B8D5B3FDA65624F /* Pods_myApp.framework in Frameworks */,
			);
			runOnlyForDeploymentPostprocessing = 0;
		};
/* End PBXFrameworksBuildPhase section */

/* Begin PBXGroup section */
		AFCC0659DD4100CB52775003 /* Frameworks */ = {
			isa = PBXGroup;
			children = (
				8BDEEDB548B875325CB85F42 /* Pods_myApp.framework */,
			);
			name = Frameworks;
			sourceTree = "<group>";
		};
		C69D0A2A1FBDCE1D0049E132 = {
			isa = PBXGroup;
			children = (
				C69D0A351FBDCE1D0049E132 /* myApp */,
				C69D0A341FBDCE1D0049E132 /* Products */,
				D0835877BF2E3144E696E410 /* Pods */,
				AFCC0659DD4100CB52775003 /* Frameworks */,
			);
			sourceTree = "<group>";
		};
		C69D0A341FBDCE1D0049E132 /* Products */ = {
			isa = PBXGroup;
			children = (
				C69D0A331FBDCE1D0049E132 /* myApp.app */,
			);
			name = Products;
			sourceTree = "<group>";
		};
		C69D0A351FBDCE1D0049E132 /* myApp */ = {
			isa = PBXGroup;
			children = (
				C69D0A361FBDCE1D0049E132 /* AppDelegate.swift */,
				C69D0A381FBDCE1D0049E132 /* ViewController.swift */,
				C69D0A3A1FBDCE1D0049E132 /* Main.storyboard */,
				C69D0A3D1FBDCE1D0049E132 /* Assets.xcassets */,
				C69D0A3F1FBDCE1D0049E132 /* LaunchScreen.storyboard */,
				C69D0A421FBDCE1D0049E132 /* Info.plist */,
			);
			path = myApp;
			sourceTree = "<group>";
		};
		D0835877BF2E3144E696E410 /* Pods */ = {
			isa = PBXGroup;
			children = (
				5DC5CC1B7E91203A618A4FDF /* Pods-myApp.debug.xcconfig */,
				2C56C39489394BDEBFCCA027 /* Pods-myApp.release.xcconfig */,
			);
			name = Pods;
			sourceTree = "<group>";
		};
/* End PBXGroup section */

/* Begin PBXNativeTarget section */
		C69D0A321FBDCE1D0049E132 /* myApp */ = {
			isa = PBXNativeTarget;
			buildConfigurationList = C69D0A451FBDCE1D0049E132 /* Build configuration list for PBXNativeTarget "myApp" */;
			buildPhases = (
				108493B29D7443D0E67FF363 /* [CP] Check Pods Manifest.lock */,
				C69D0A2F1FBDCE1D0049E132 /* Sources */,
				C69D0A301FBDCE1D0049E132 /* Frameworks */,
				C69D0A311FBDCE1D0049E132 /* Resources */,
				DF5731BEE6BC703200068E25 /* [CP] Embed Pods Frameworks */,
				880E504D482364B4ACBD7547 /* [CP] Copy Pods Resources */,
			);
			buildRules = (
			);
			dependencies = (
			);
			name = myApp;
			productName = myApp;
			productReference = C69D0A331FBDCE1D0049E132 /* myApp.app */;
			productType = "com.apple.product-type.application";
		};
/* End PBXNativeTarget section */

/* Begin PBXProject section */
		C69D0A2B1FBDCE1D0049E132 /* Project object */ = {
			isa = PBXProject;
			attributes = {
				LastSwiftUpdateCheck = 0910;
				LastUpgradeCheck = 0910;
				ORGANIZATIONNAME = uncoder;
				TargetAttributes = {
					C69D0A321FBDCE1D0049E132 = {
						CreatedOnToolsVersion = 9.1;
						ProvisioningStyle = Automatic;
					};
				};
			};
			buildConfigurationList = C69D0A2E1FBDCE1D0049E132 /* Build configuration list for PBXProject "myApp" */;
			compatibilityVersion = "Xcode 8.0";
			developmentRegion = en;
			hasScannedForEncodings = 0;
			knownRegions = (
				en,
				Base,
			);
			mainGroup = C69D0A2A1FBDCE1D0049E132;
			productRefGroup = C69D0A341FBDCE1D0049E132 /* Products */;
			projectDirPath = "";
			projectRoot = "";
			targets = (
				C69D0A321FBDCE1D0049E132 /* myApp */,
			);
		};
/* End PBXProject section */

/* Begin PBXResourcesBuildPhase section */
		C69D0A311FBDCE1D0049E132 /* Resources */ = {
			isa = PBXResourcesBuildPhase;
			buildActionMask = 2147483647;
			files = (
				C69D0A411FBDCE1D0049E132 /* LaunchScreen.storyboard in Resources */,
				C69D0A3E1FBDCE1D0049E132 /* Assets.xcassets in Resources */,
				C69D0A3C1FBDCE1D0049E132 /* Main.storyboard in Resources */,
			);
			runOnlyForDeploymentPostprocessing = 0;
		};
/* End PBXResourcesBuildPhase section */

/* Begin PBXShellScriptBuildPhase section */
		108493B29D7443D0E67FF363 /* [CP] Check Pods Manifest.lock */ = {
			isa = PBXShellScriptBuildPhase;
			buildActionMask = 2147483647;
			files = (
			);
			inputPaths = (
				"${PODS_PODFILE_DIR_PATH}/Podfile.lock",
				"${PODS_ROOT}/Manifest.lock",
			);
			name = "[CP] Check Pods Manifest.lock";
			outputPaths = (
				"$(DERIVED_FILE_DIR)/Pods-myApp-checkManifestLockResult.txt",
			);
			runOnlyForDeploymentPostprocessing = 0;
			shellPath = /bin/sh;
			shellScript = "diff \"${PODS_PODFILE_DIR_PATH}/Podfile.lock\" \"${PODS_ROOT}/Manifest.lock\" > /dev/null\nif [ $? != 0 ] ; then\n    # print error to STDERR\n    echo \"error: The sandbox is not in sync with the Podfile.lock. Run 'pod install' or update your CocoaPods installation.\" >&2\n    exit 1\nfi\n# This output is used by Xcode 'outputs' to avoid re-running this script phase.\necho \"SUCCESS\" > \"${SCRIPT_OUTPUT_FILE_0}\"\n";
			showEnvVarsInLog = 0;
		};
		880E504D482364B4ACBD7547 /* [CP] Copy Pods Resources */ = {
			isa = PBXShellScriptBuildPhase;
			buildActionMask = 2147483647;
			files = (
			);
			inputPaths = (
			);
			name = "[CP] Copy Pods Resources";
			outputPaths = (
			);
			runOnlyForDeploymentPostprocessing = 0;
			shellPath = /bin/sh;
			shellScript = "\"${SRCROOT}/Pods/Target Support Files/Pods-myApp/Pods-myApp-resources.sh\"\n";
			showEnvVarsInLog = 0;
		};
		DF5731BEE6BC703200068E25 /* [CP] Embed Pods Frameworks */ = {
			isa = PBXShellScriptBuildPhase;
			buildActionMask = 2147483647;
			files = (
			);
			inputPaths = (
				"${SRCROOT}/Pods/Target Support Files/Pods-myApp/Pods-myApp-frameworks.sh",
				"${BUILT_PRODUCTS_DIR}/DoubleConversion/DoubleConversion.framework",
				"${BUILT_PRODUCTS_DIR}/Folly/folly.framework",
				"${BUILT_PRODUCTS_DIR}/GLog/glog.framework",
				"${BUILT_PRODUCTS_DIR}/React/React.framework",
				"${BUILT_PRODUCTS_DIR}/yoga/yoga.framework",
			);
			name = "[CP] Embed Pods Frameworks";
			outputPaths = (
				"${TARGET_BUILD_DIR}/${FRAMEWORKS_FOLDER_PATH}/DoubleConversion.framework",
				"${TARGET_BUILD_DIR}/${FRAMEWORKS_FOLDER_PATH}/folly.framework",
				"${TARGET_BUILD_DIR}/${FRAMEWORKS_FOLDER_PATH}/glog.framework",
				"${TARGET_BUILD_DIR}/${FRAMEWORKS_FOLDER_PATH}/React.framework",
				"${TARGET_BUILD_DIR}/${FRAMEWORKS_FOLDER_PATH}/yoga.framework",
			);
			runOnlyForDeploymentPostprocessing = 0;
			shellPath = /bin/sh;
			shellScript = "\"${SRCROOT}/Pods/Target Support Files/Pods-myApp/Pods-myApp-frameworks.sh\"\n";
			showEnvVarsInLog = 0;
		};
/* End PBXShellScriptBuildPhase section */

/* Begin PBXSourcesBuildPhase section */
		C69D0A2F1FBDCE1D0049E132 /* Sources */ = {
			isa = PBXSourcesBuildPhase;
			buildActionMask = 2147483647;
			files = (
				C69D0A391FBDCE1D0049E132 /* ViewController.swift in Sources */,
				C69D0A371FBDCE1D0049E132 /* AppDelegate.swift in Sources */,
			);
			runOnlyForDeploymentPostprocessing = 0;
		};
/* End PBXSourcesBuildPhase section */

/* Begin PBXVariantGroup section */
		C69D0A3A1FBDCE1D0049E132 /* Main.storyboard */ = {
			isa = PBXVariantGroup;
			children = (
				C69D0A3B1FBDCE1D0049E132 /* Base */,
			);
			name = Main.storyboard;
			sourceTree = "<group>";
		};
		C69D0A3F1FBDCE1D0049E132 /* LaunchScreen.storyboard */ = {
			isa = PBXVariantGroup;
			children = (
				C69D0A401FBDCE1D0049E132 /* Base */,
			);
			name = LaunchScreen.storyboard;
			sourceTree = "<group>";
		};
/* End PBXVariantGroup section */

/* Begin XCBuildConfiguration section */
		C69D0A431FBDCE1D0049E132 /* Debug */ = {
			isa = XCBuildConfiguration;
			buildSettings = {
				ALWAYS_SEARCH_USER_PATHS = NO;
				CLANG_ANALYZER_NONNULL = YES;
				CLANG_ANALYZER_NUMBER_OBJECT_CONVERSION = YES_AGGRESSIVE;
				CLANG_CXX_LANGUAGE_STANDARD = "gnu++14";
				CLANG_CXX_LIBRARY = "libc++";
				CLANG_ENABLE_MODULES = YES;
				CLANG_ENABLE_OBJC_ARC = YES;
				CLANG_WARN_BLOCK_CAPTURE_AUTORELEASING = YES;
				CLANG_WARN_BOOL_CONVERSION = YES;
				CLANG_WARN_COMMA = YES;
				CLANG_WARN_CONSTANT_CONVERSION = YES;
				CLANG_WARN_DIRECT_OBJC_ISA_USAGE = YES_ERROR;
				CLANG_WARN_DOCUMENTATION_COMMENTS = YES;
				CLANG_WARN_EMPTY_BODY = YES;
				CLANG_WARN_ENUM_CONVERSION = YES;
				CLANG_WARN_INFINITE_RECURSION = YES;
				CLANG_WARN_INT_CONVERSION = YES;
				CLANG_WARN_NON_LITERAL_NULL_CONVERSION = YES;
				CLANG_WARN_OBJC_LITERAL_CONVERSION = YES;
				CLANG_WARN_OBJC_ROOT_CLASS = YES_ERROR;
				CLANG_WARN_RANGE_LOOP_ANALYSIS = YES;
				CLANG_WARN_STRICT_PROTOTYPES = YES;
				CLANG_WARN_SUSPICIOUS_MOVE = YES;
				CLANG_WARN_UNGUARDED_AVAILABILITY = YES_AGGRESSIVE;
				CLANG_WARN_UNREACHABLE_CODE = YES;
				CLANG_WARN__DUPLICATE_METHOD_MATCH = YES;
				CODE_SIGN_IDENTITY = "iPhone Developer";
				COPY_PHASE_STRIP = NO;
				DEBUG_INFORMATION_FORMAT = dwarf;
				ENABLE_STRICT_OBJC_MSGSEND = YES;
				ENABLE_TESTABILITY = YES;
				GCC_C_LANGUAGE_STANDARD = gnu11;
				GCC_DYNAMIC_NO_PIC = NO;
				GCC_NO_COMMON_BLOCKS = YES;
				GCC_OPTIMIZATION_LEVEL = 0;
				GCC_PREPROCESSOR_DEFINITIONS = (
					"DEBUG=1",
					"$(inherited)",
				);
				GCC_WARN_64_TO_32_BIT_CONVERSION = YES;
				GCC_WARN_ABOUT_RETURN_TYPE = YES_ERROR;
				GCC_WARN_UNDECLARED_SELECTOR = YES;
				GCC_WARN_UNINITIALIZED_AUTOS = YES_AGGRESSIVE;
				GCC_WARN_UNUSED_FUNCTION = YES;
				GCC_WARN_UNUSED_VARIABLE = YES;
				IPHONEOS_DEPLOYMENT_TARGET = 11.1;
				MTL_ENABLE_DEBUG_INFO = YES;
				ONLY_ACTIVE_ARCH = YES;
				SDKROOT = iphoneos;
				SWIFT_ACTIVE_COMPILATION_CONDITIONS = DEBUG;
				SWIFT_OPTIMIZATION_LEVEL = "-Onone";
				USER_HEADER_SEARCH_PATHS = "${SRCROOT}/**";
			};
			name = Debug;
		};
		C69D0A441FBDCE1D0049E132 /* Release */ = {
			isa = XCBuildConfiguration;
			buildSettings = {
				ALWAYS_SEARCH_USER_PATHS = NO;
				CLANG_ANALYZER_NONNULL = YES;
				CLANG_ANALYZER_NUMBER_OBJECT_CONVERSION = YES_AGGRESSIVE;
				CLANG_CXX_LANGUAGE_STANDARD = "gnu++14";
				CLANG_CXX_LIBRARY = "libc++";
				CLANG_ENABLE_MODULES = YES;
				CLANG_ENABLE_OBJC_ARC = YES;
				CLANG_WARN_BLOCK_CAPTURE_AUTORELEASING = YES;
				CLANG_WARN_BOOL_CONVERSION = YES;
				CLANG_WARN_COMMA = YES;
				CLANG_WARN_CONSTANT_CONVERSION = YES;
				CLANG_WARN_DIRECT_OBJC_ISA_USAGE = YES_ERROR;
				CLANG_WARN_DOCUMENTATION_COMMENTS = YES;
				CLANG_WARN_EMPTY_BODY = YES;
				CLANG_WARN_ENUM_CONVERSION = YES;
				CLANG_WARN_INFINITE_RECURSION = YES;
				CLANG_WARN_INT_CONVERSION = YES;
				CLANG_WARN_NON_LITERAL_NULL_CONVERSION = YES;
				CLANG_WARN_OBJC_LITERAL_CONVERSION = YES;
				CLANG_WARN_OBJC_ROOT_CLASS = YES_ERROR;
				CLANG_WARN_RANGE_LOOP_ANALYSIS = YES;
				CLANG_WARN_STRICT_PROTOTYPES = YES;
				CLANG_WARN_SUSPICIOUS_MOVE = YES;
				CLANG_WARN_UNGUARDED_AVAILABILITY = YES_AGGRESSIVE;
				CLANG_WARN_UNREACHABLE_CODE = YES;
				CLANG_WARN__DUPLICATE_METHOD_MATCH = YES;
				CODE_SIGN_IDENTITY = "iPhone Developer";
				COPY_PHASE_STRIP = NO;
				DEBUG_INFORMATION_FORMAT = "dwarf-with-dsym";
				ENABLE_NS_ASSERTIONS = NO;
				ENABLE_STRICT_OBJC_MSGSEND = YES;
				GCC_C_LANGUAGE_STANDARD = gnu11;
				GCC_NO_COMMON_BLOCKS = YES;
				GCC_WARN_64_TO_32_BIT_CONVERSION = YES;
				GCC_WARN_ABOUT_RETURN_TYPE = YES_ERROR;
				GCC_WARN_UNDECLARED_SELECTOR = YES;
				GCC_WARN_UNINITIALIZED_AUTOS = YES_AGGRESSIVE;
				GCC_WARN_UNUSED_FUNCTION = YES;
				GCC_WARN_UNUSED_VARIABLE = YES;
				IPHONEOS_DEPLOYMENT_TARGET = 11.1;
				MTL_ENABLE_DEBUG_INFO = NO;
				SDKROOT = iphoneos;
				SWIFT_OPTIMIZATION_LEVEL = "-Owholemodule";
				USER_HEADER_SEARCH_PATHS = "${SRCROOT}/**";
				VALIDATE_PRODUCT = YES;
			};
			name = Release;
		};
		C69D0A461FBDCE1D0049E132 /* Debug */ = {
			isa = XCBuildConfiguration;
			baseConfigurationReference = 5DC5CC1B7E91203A618A4FDF /* Pods-myApp.debug.xcconfig */;
			buildSettings = {
				ASSETCATALOG_COMPILER_APPICON_NAME = AppIcon;
				CODE_SIGN_STYLE = Automatic;
				INFOPLIST_FILE = myApp/Info.plist;
				LD_RUNPATH_SEARCH_PATHS = "$(inherited) @executable_path/Frameworks";
				PRODUCT_BUNDLE_IDENTIFIER = com.uncoder.myApp;
				PRODUCT_NAME = "$(TARGET_NAME)";
				SWIFT_VERSION = 4.0;
				TARGETED_DEVICE_FAMILY = "1,2";
			};
			name = Debug;
		};
		C69D0A471FBDCE1D0049E132 /* Release */ = {
			isa = XCBuildConfiguration;
			baseConfigurationReference = 2C56C39489394BDEBFCCA027 /* Pods-myApp.release.xcconfig */;
			buildSettings = {
				ASSETCATALOG_COMPILER_APPICON_NAME = AppIcon;
				CODE_SIGN_STYLE = Automatic;
				INFOPLIST_FILE = myApp/Info.plist;
				LD_RUNPATH_SEARCH_PATHS = "$(inherited) @executable_path/Frameworks";
				PRODUCT_BUNDLE_IDENTIFIER = com.uncoder.myApp;
				PRODUCT_NAME = "$(TARGET_NAME)";
				SWIFT_VERSION = 4.0;
				TARGETED_DEVICE_FAMILY = "1,2";
			};
			name = Release;
		};
/* End XCBuildConfiguration section */

/* Begin XCConfigurationList section */
		C69D0A2E1FBDCE1D0049E132 /* Build configuration list for PBXProject "myApp" */ = {
			isa = XCConfigurationList;
			buildConfigurations = (
				C69D0A431FBDCE1D0049E132 /* Debug */,
				C69D0A441FBDCE1D0049E132 /* Release */,
			);
			defaultConfigurationIsVisible = 0;
			defaultConfigurationName = Release;
		};
		C69D0A451FBDCE1D0049E132 /* Build configuration list for PBXNativeTarget "myApp" */ = {
			isa = XCConfigurationList;
			buildConfigurations = (
				C69D0A461FBDCE1D0049E132 /* Debug */,
				C69D0A471FBDCE1D0049E132 /* Release */,
			);
			defaultConfigurationIsVisible = 0;
			defaultConfigurationName = Release;
		};
/* End XCConfigurationList section */
	};
	rootObject = C69D0A2B1FBDCE1D0049E132 /* Project object */;
}
